<?xml version="1.0" encoding="utf-8"?>
<Project ToolsVersion="4.0" xmlns="http://schemas.microsoft.com/developer/msbuild/2003">
  <ItemGroup>
    <ClCompile Include="..\..\common\commonForAdmin.cpp" />
    <ClCompile Include="admin_executor_service.cpp" />
    <ClCompile Include="log_report.cpp" />
  </ItemGroup>
  <ItemGroup>
    <ClInclude Include="log_report.h" />
    <ClInclude Include="resource.h" />
  </ItemGroup>
  <ItemGroup>
    <ResourceCompile Include="admin_executor_service.rc" />
  </ItemGroup>
  <ItemGroup>
    <None Include="admin_executor_service.cfg" />
  </ItemGroup>
</Project>