<?xml version="1.0" encoding="utf-8"?>
<Project ToolsVersion="4.0" xmlns="http://schemas.microsoft.com/developer/msbuild/2003">
  <ItemGroup>
    <Filter Include="Source Files">
      <UniqueIdentifier>{4FC737F1-C7A5-4376-A066-2A32D752A2FF}</UniqueIdentifier>
      <Extensions>cpp;c;cxx;def;odl;idl;hpj;bat;asm;asmx</Extensions>
    </Filter>
    <Filter Include="Header Files">
      <UniqueIdentifier>{93995380-89BD-4b04-88EB-625FBE52EBFB}</UniqueIdentifier>
      <Extensions>h;hpp;hxx;hm;inl;inc;xsd</Extensions>
    </Filter>
    <Filter Include="Resource Files">
      <UniqueIdentifier>{67DA6AB6-F800-4c08-8B7A-83BB121AAD01}</UniqueIdentifier>
      <Extensions>rc;ico;cur;bmp;dlg;rc2;rct;bin;rgs;gif;jpg;jpeg;jpe;resx</Extensions>
    </Filter>
    <Filter Include="OutData">
      <UniqueIdentifier>{152c398f-548b-40db-b707-08bb52d73401}</UniqueIdentifier>
    </Filter>
    <Filter Include="MstData">
      <UniqueIdentifier>{f08a9a7f-d2f7-4800-b12f-36cdbeaddd3e}</UniqueIdentifier>
    </Filter>
  </ItemGroup>
  <ItemGroup>
    <ClCompile Include="Animal.cpp">
      <Filter>Source Files</Filter>
    </ClCompile>
    <ClCompile Include="BrokerService.cpp">
      <Filter>Source Files</Filter>
    </ClCompile>
    <ClCompile Include="Cell.cpp">
      <Filter>Source Files</Filter>
    </ClCompile>
    <ClCompile Include="ChannelWorld.cpp">
      <Filter>Source Files</Filter>
    </ClCompile>
    <ClCompile Include="Character.cpp">
      <Filter>Source Files</Filter>
    </ClCompile>
    <ClCompile Include="Chat.cpp">
      <Filter>Source Files</Filter>
    </ClCompile>
    <ClCompile Include="contact.cpp">
      <Filter>Source Files</Filter>
    </ClCompile>
    <ClCompile Include="..\Common\DBData.cpp">
      <Filter>Source Files</Filter>
    </ClCompile>
    <ClCompile Include="DBLog.cpp">
      <Filter>Source Files</Filter>
    </ClCompile>
    <ClCompile Include="Family.cpp">
      <Filter>Source Files</Filter>
    </ClCompile>
    <ClCompile Include="Inven.cpp">
      <Filter>Source Files</Filter>
    </ClCompile>
    <ClCompile Include="Lobby.cpp">
      <Filter>Source Files</Filter>
    </ClCompile>
    <ClCompile Include="Mail.cpp">
      <Filter>Source Files</Filter>
    </ClCompile>
    <ClCompile Include="main.cpp">
      <Filter>Source Files</Filter>
    </ClCompile>
    <ClCompile Include="..\Common\netCommon.cpp">
      <Filter>Source Files</Filter>
    </ClCompile>
    <ClCompile Include="openroom.cpp">
      <Filter>Source Files</Filter>
    </ClCompile>
    <ClCompile Include="ParseArgs.cpp">
      <Filter>Source Files</Filter>
    </ClCompile>
    <ClCompile Include="PublicRoom.cpp">
      <Filter>Source Files</Filter>
    </ClCompile>
    <ClCompile Include="ReligionRoom.cpp">
      <Filter>Source Files</Filter>
    </ClCompile>
    <ClCompile Include="room.cpp">
      <Filter>Source Files</Filter>
    </ClCompile>
    <ClCompile Include="SharedActWorld.cpp">
      <Filter>Source Files</Filter>
    </ClCompile>
    <ClCompile Include="..\Common\TGException.cpp">
      <Filter>Source Files</Filter>
    </ClCompile>
    <ClCompile Include="World.cpp">
      <Filter>Source Files</Filter>
    </ClCompile>
    <ClCompile Include="..\Common\ExcelXML.cpp">
      <Filter>OutData</Filter>
    </ClCompile>
    <ClCompile Include="..\Common\Lang.cpp">
      <Filter>OutData</Filter>
    </ClCompile>
    <ClCompile Include="LoadOutData.cpp">
      <Filter>OutData</Filter>
    </ClCompile>
    <ClCompile Include="outRoomKind.cpp">
      <Filter>OutData</Filter>
    </ClCompile>
    <ClCompile Include="mst_item.cpp">
      <Filter>MstData</Filter>
    </ClCompile>
    <ClCompile Include="mst_room.cpp">
      <Filter>MstData</Filter>
    </ClCompile>
  </ItemGroup>
  <ItemGroup>
    <ClInclude Include="Animal.h">
      <Filter>Header Files</Filter>
    </ClInclude>
    <ClInclude Include="Cell.h">
      <Filter>Header Files</Filter>
    </ClInclude>
    <ClInclude Include="ChannelWorld.h">
      <Filter>Header Files</Filter>
    </ClInclude>
    <ClInclude Include="Character.h">
      <Filter>Header Files</Filter>
    </ClInclude>
    <ClInclude Include="contact.h">
      <Filter>Header Files</Filter>
    </ClInclude>
    <ClInclude Include="Family.h">
      <Filter>Header Files</Filter>
    </ClInclude>
    <ClInclude Include="Inven.h">
      <Filter>Header Files</Filter>
    </ClInclude>
    <ClInclude Include="Lobby.h">
      <Filter>Header Files</Filter>
    </ClInclude>
    <ClInclude Include="Mail.h">
      <Filter>Header Files</Filter>
    </ClInclude>
    <ClInclude Include="openroom.h">
      <Filter>Header Files</Filter>
    </ClInclude>
    <ClInclude Include="ParseArgs.h">
      <Filter>Header Files</Filter>
    </ClInclude>
    <ClInclude Include="PublicRoom.h">
      <Filter>Header Files</Filter>
    </ClInclude>
    <ClInclude Include="ReligionRoom.h">
      <Filter>Header Files</Filter>
    </ClInclude>
    <ClInclude Include="resource.h">
      <Filter>Header Files</Filter>
    </ClInclude>
    <ClInclude Include="room.h">
      <Filter>Header Files</Filter>
    </ClInclude>
    <ClInclude Include="SharedActWorld.h">
      <Filter>Header Files</Filter>
    </ClInclude>
    <ClInclude Include="..\Common\TGException.h">
      <Filter>Header Files</Filter>
    </ClInclude>
    <ClInclude Include="World.h">
      <Filter>Header Files</Filter>
    </ClInclude>
    <ClInclude Include="..\Common\ExcelXML.h">
      <Filter>OutData</Filter>
    </ClInclude>
    <ClInclude Include="..\Common\Lang.h">
      <Filter>OutData</Filter>
    </ClInclude>
    <ClInclude Include="LoadOutData.h">
      <Filter>OutData</Filter>
    </ClInclude>
    <ClInclude Include="outRoomKind.h">
      <Filter>OutData</Filter>
    </ClInclude>
    <ClInclude Include="mst_item.h">
      <Filter>MstData</Filter>
    </ClInclude>
    <ClInclude Include="mst_room.h">
      <Filter>MstData</Filter>
    </ClInclude>
  </ItemGroup>
  <ItemGroup>
    <ResourceCompile Include="openroom.rc">
      <Filter>Resource Files</Filter>
    </ResourceCompile>
  </ItemGroup>
</Project>